
Microsoft Visual Studio Solution File, Format Version 12.00
# Visual Studio 14
VisualStudioVersion = 14.0.24720.0
MinimumVisualStudioVersion = 10.0.40219.1
Project("{FAE04EC0-301F-11D3-BF4B-00C04F79EFBC}") = "AndroidInterviewAudition.Droid", "AndroidInterviewAudition\AndroidInterviewAudition.Droid\AndroidInterviewAudition.Droid.csproj", "{3E00725B-766E-4568-9C22-5C12D8D99B0C}"
EndProject
Project("{FAE04EC0-301F-11D3-BF4B-00C04F79EFBC}") = "AndroidInterviewAudition.iOS", "AndroidInterviewAudition\AndroidInterviewAudition.iOS\AndroidInterviewAudition.iOS.csproj", "{73F21CE0-30A0-4D2F-AB20-0BFE9EE0D862}"
EndProject
Project("{FAE04EC0-301F-11D3-BF4B-00C04F79EFBC}") = "AndroidInterviewAudition", "AndroidInterviewAudition\AndroidInterviewAudition\AndroidInterviewAudition.csproj", "{115F3B8B-38FB-44B0-A2D4-B5683DB21DEA}"
EndProject
Project("{FAE04EC0-301F-11D3-BF4B-00C04F79EFBC}") = "FormsTests", "BaseTests\FormsTests.csproj", "{F51A5AB0-E2D1-4AF4-ABA2-F3FC3ADD6FCB}"
EndProject
Project("{FAE04EC0-301F-11D3-BF4B-00C04F79EFBC}") = "AndroidNativeUI", "AndroidNativeUI\AndroidNativeUI.csproj", "{9DC738BF-745E-480A-BDF7-374A789140C0}"
EndProject
Project("{FAE04EC0-301F-11D3-BF4B-00C04F79EFBC}") = "iOSNativeUI", "iOSNativeUI\iOSNativeUI.csproj", "{7ADF30C8-F4C5-49F1-B7DA-B4402D5F7764}"
EndProject
Global
	GlobalSection(SolutionConfigurationPlatforms) = preSolution
		Ad-Hoc|Any CPU = Ad-Hoc|Any CPU
		Ad-Hoc|ARM = Ad-Hoc|ARM
		Ad-Hoc|iPhone = Ad-Hoc|iPhone
		Ad-Hoc|iPhoneSimulator = Ad-Hoc|iPhoneSimulator
		Ad-Hoc|x64 = Ad-Hoc|x64
		Ad-Hoc|x86 = Ad-Hoc|x86
		AppStore|Any CPU = AppStore|Any CPU
		AppStore|ARM = AppStore|ARM
		AppStore|iPhone = AppStore|iPhone
		AppStore|iPhoneSimulator = AppStore|iPhoneSimulator
		AppStore|x64 = AppStore|x64
		AppStore|x86 = AppStore|x86
		Debug|Any CPU = Debug|Any CPU
		Debug|ARM = Debug|ARM
		Debug|iPhone = Debug|iPhone
		Debug|iPhoneSimulator = Debug|iPhoneSimulator
		Debug|x64 = Debug|x64
		Debug|x86 = Debug|x86
		Release|Any CPU = Release|Any CPU
		Release|ARM = Release|ARM
		Release|iPhone = Release|iPhone
		Release|iPhoneSimulator = Release|iPhoneSimulator
		Release|x64 = Release|x64
		Release|x86 = Release|x86
	EndGlobalSection
	GlobalSection(ProjectConfigurationPlatforms) = postSolution
		{3E00725B-766E-4568-9C22-5C12D8D99B0C}.Ad-Hoc|Any CPU.ActiveCfg = Release|Any CPU
		{3E00725B-766E-4568-9C22-5C12D8D99B0C}.Ad-Hoc|Any CPU.Build.0 = Release|Any CPU
		{3E00725B-766E-4568-9C22-5C12D8D99B0C}.Ad-Hoc|Any CPU.Deploy.0 = Release|Any CPU
		{3E00725B-766E-4568-9C22-5C12D8D99B0C}.Ad-Hoc|ARM.ActiveCfg = Release|Any CPU
		{3E00725B-766E-4568-9C22-5C12D8D99B0C}.Ad-Hoc|ARM.Build.0 = Release|Any CPU
		{3E00725B-766E-4568-9C22-5C12D8D99B0C}.Ad-Hoc|ARM.Deploy.0 = Release|Any CPU
		{3E00725B-766E-4568-9C22-5C12D8D99B0C}.Ad-Hoc|iPhone.ActiveCfg = Release|Any CPU
		{3E00725B-766E-4568-9C22-5C12D8D99B0C}.Ad-Hoc|iPhone.Build.0 = Release|Any CPU
		{3E00725B-766E-4568-9C22-5C12D8D99B0C}.Ad-Hoc|iPhone.Deploy.0 = Release|Any CPU
		{3E00725B-766E-4568-9C22-5C12D8D99B0C}.Ad-Hoc|iPhoneSimulator.ActiveCfg = Release|Any CPU
		{3E00725B-766E-4568-9C22-5C12D8D99B0C}.Ad-Hoc|iPhoneSimulator.Build.0 = Release|Any CPU
		{3E00725B-766E-4568-9C22-5C12D8D99B0C}.Ad-Hoc|iPhoneSimulator.Deploy.0 = Release|Any CPU
		{3E00725B-766E-4568-9C22-5C12D8D99B0C}.Ad-Hoc|x64.ActiveCfg = Release|Any CPU
		{3E00725B-766E-4568-9C22-5C12D8D99B0C}.Ad-Hoc|x64.Build.0 = Release|Any CPU
		{3E00725B-766E-4568-9C22-5C12D8D99B0C}.Ad-Hoc|x64.Deploy.0 = Release|Any CPU
		{3E00725B-766E-4568-9C22-5C12D8D99B0C}.Ad-Hoc|x86.ActiveCfg = Release|Any CPU
		{3E00725B-766E-4568-9C22-5C12D8D99B0C}.Ad-Hoc|x86.Build.0 = Release|Any CPU
		{3E00725B-766E-4568-9C22-5C12D8D99B0C}.Ad-Hoc|x86.Deploy.0 = Release|Any CPU
		{3E00725B-766E-4568-9C22-5C12D8D99B0C}.AppStore|Any CPU.ActiveCfg = Release|Any CPU
		{3E00725B-766E-4568-9C22-5C12D8D99B0C}.AppStore|Any CPU.Build.0 = Release|Any CPU
		{3E00725B-766E-4568-9C22-5C12D8D99B0C}.AppStore|Any CPU.Deploy.0 = Release|Any CPU
		{3E00725B-766E-4568-9C22-5C12D8D99B0C}.AppStore|ARM.ActiveCfg = Release|Any CPU
		{3E00725B-766E-4568-9C22-5C12D8D99B0C}.AppStore|ARM.Build.0 = Release|Any CPU
		{3E00725B-766E-4568-9C22-5C12D8D99B0C}.AppStore|ARM.Deploy.0 = Release|Any CPU
		{3E00725B-766E-4568-9C22-5C12D8D99B0C}.AppStore|iPhone.ActiveCfg = Release|Any CPU
		{3E00725B-766E-4568-9C22-5C12D8D99B0C}.AppStore|iPhone.Build.0 = Release|Any CPU
		{3E00725B-766E-4568-9C22-5C12D8D99B0C}.AppStore|iPhone.Deploy.0 = Release|Any CPU
		{3E00725B-766E-4568-9C22-5C12D8D99B0C}.AppStore|iPhoneSimulator.ActiveCfg = Release|Any CPU
		{3E00725B-766E-4568-9C22-5C12D8D99B0C}.AppStore|iPhoneSimulator.Build.0 = Release|Any CPU
		{3E00725B-766E-4568-9C22-5C12D8D99B0C}.AppStore|iPhoneSimulator.Deploy.0 = Release|Any CPU
		{3E00725B-766E-4568-9C22-5C12D8D99B0C}.AppStore|x64.ActiveCfg = Release|Any CPU
		{3E00725B-766E-4568-9C22-5C12D8D99B0C}.AppStore|x64.Build.0 = Release|Any CPU
		{3E00725B-766E-4568-9C22-5C12D8D99B0C}.AppStore|x64.Deploy.0 = Release|Any CPU
		{3E00725B-766E-4568-9C22-5C12D8D99B0C}.AppStore|x86.ActiveCfg = Release|Any CPU
		{3E00725B-766E-4568-9C22-5C12D8D99B0C}.AppStore|x86.Build.0 = Release|Any CPU
		{3E00725B-766E-4568-9C22-5C12D8D99B0C}.AppStore|x86.Deploy.0 = Release|Any CPU
		{3E00725B-766E-4568-9C22-5C12D8D99B0C}.Debug|Any CPU.ActiveCfg = Debug|Any CPU
		{3E00725B-766E-4568-9C22-5C12D8D99B0C}.Debug|Any CPU.Build.0 = Debug|Any CPU
		{3E00725B-766E-4568-9C22-5C12D8D99B0C}.Debug|Any CPU.Deploy.0 = Debug|Any CPU
		{3E00725B-766E-4568-9C22-5C12D8D99B0C}.Debug|ARM.ActiveCfg = Debug|Any CPU
		{3E00725B-766E-4568-9C22-5C12D8D99B0C}.Debug|ARM.Build.0 = Debug|Any CPU
		{3E00725B-766E-4568-9C22-5C12D8D99B0C}.Debug|ARM.Deploy.0 = Debug|Any CPU
		{3E00725B-766E-4568-9C22-5C12D8D99B0C}.Debug|iPhone.ActiveCfg = Debug|Any CPU
		{3E00725B-766E-4568-9C22-5C12D8D99B0C}.Debug|iPhone.Build.0 = Debug|Any CPU
		{3E00725B-766E-4568-9C22-5C12D8D99B0C}.Debug|iPhone.Deploy.0 = Debug|Any CPU
		{3E00725B-766E-4568-9C22-5C12D8D99B0C}.Debug|iPhoneSimulator.ActiveCfg = Debug|Any CPU
		{3E00725B-766E-4568-9C22-5C12D8D99B0C}.Debug|iPhoneSimulator.Build.0 = Debug|Any CPU
		{3E00725B-766E-4568-9C22-5C12D8D99B0C}.Debug|iPhoneSimulator.Deploy.0 = Debug|Any CPU
		{3E00725B-766E-4568-9C22-5C12D8D99B0C}.Debug|x64.ActiveCfg = Debug|Any CPU
		{3E00725B-766E-4568-9C22-5C12D8D99B0C}.Debug|x64.Build.0 = Debug|Any CPU
		{3E00725B-766E-4568-9C22-5C12D8D99B0C}.Debug|x64.Deploy.0 = Debug|Any CPU
		{3E00725B-766E-4568-9C22-5C12D8D99B0C}.Debug|x86.ActiveCfg = Debug|Any CPU
		{3E00725B-766E-4568-9C22-5C12D8D99B0C}.Debug|x86.Build.0 = Debug|Any CPU
		{3E00725B-766E-4568-9C22-5C12D8D99B0C}.Debug|x86.Deploy.0 = Debug|Any CPU
		{3E00725B-766E-4568-9C22-5C12D8D99B0C}.Release|Any CPU.ActiveCfg = Release|Any CPU
		{3E00725B-766E-4568-9C22-5C12D8D99B0C}.Release|Any CPU.Build.0 = Release|Any CPU
		{3E00725B-766E-4568-9C22-5C12D8D99B0C}.Release|Any CPU.Deploy.0 = Release|Any CPU
		{3E00725B-766E-4568-9C22-5C12D8D99B0C}.Release|ARM.ActiveCfg = Release|Any CPU
		{3E00725B-766E-4568-9C22-5C12D8D99B0C}.Release|ARM.Build.0 = Release|Any CPU
		{3E00725B-766E-4568-9C22-5C12D8D99B0C}.Release|ARM.Deploy.0 = Release|Any CPU
		{3E00725B-766E-4568-9C22-5C12D8D99B0C}.Release|iPhone.ActiveCfg = Release|Any CPU
		{3E00725B-766E-4568-9C22-5C12D8D99B0C}.Release|iPhone.Build.0 = Release|Any CPU
		{3E00725B-766E-4568-9C22-5C12D8D99B0C}.Release|iPhone.Deploy.0 = Release|Any CPU
		{3E00725B-766E-4568-9C22-5C12D8D99B0C}.Release|iPhoneSimulator.ActiveCfg = Release|Any CPU
		{3E00725B-766E-4568-9C22-5C12D8D99B0C}.Release|iPhoneSimulator.Build.0 = Release|Any CPU
		{3E00725B-766E-4568-9C22-5C12D8D99B0C}.Release|iPhoneSimulator.Deploy.0 = Release|Any CPU
		{3E00725B-766E-4568-9C22-5C12D8D99B0C}.Release|x64.ActiveCfg = Release|Any CPU
		{3E00725B-766E-4568-9C22-5C12D8D99B0C}.Release|x64.Build.0 = Release|Any CPU
		{3E00725B-766E-4568-9C22-5C12D8D99B0C}.Release|x64.Deploy.0 = Release|Any CPU
		{3E00725B-766E-4568-9C22-5C12D8D99B0C}.Release|x86.ActiveCfg = Release|Any CPU
		{3E00725B-766E-4568-9C22-5C12D8D99B0C}.Release|x86.Build.0 = Release|Any CPU
		{3E00725B-766E-4568-9C22-5C12D8D99B0C}.Release|x86.Deploy.0 = Release|Any CPU
		{73F21CE0-30A0-4D2F-AB20-0BFE9EE0D862}.Ad-Hoc|Any CPU.ActiveCfg = Ad-Hoc|iPhone
		{73F21CE0-30A0-4D2F-AB20-0BFE9EE0D862}.Ad-Hoc|ARM.ActiveCfg = Ad-Hoc|iPhone
		{73F21CE0-30A0-4D2F-AB20-0BFE9EE0D862}.Ad-Hoc|iPhone.ActiveCfg = Ad-Hoc|iPhone
		{73F21CE0-30A0-4D2F-AB20-0BFE9EE0D862}.Ad-Hoc|iPhone.Build.0 = Ad-Hoc|iPhone
		{73F21CE0-30A0-4D2F-AB20-0BFE9EE0D862}.Ad-Hoc|iPhoneSimulator.ActiveCfg = Ad-Hoc|iPhoneSimulator
		{73F21CE0-30A0-4D2F-AB20-0BFE9EE0D862}.Ad-Hoc|iPhoneSimulator.Build.0 = Ad-Hoc|iPhoneSimulator
		{73F21CE0-30A0-4D2F-AB20-0BFE9EE0D862}.Ad-Hoc|x64.ActiveCfg = Ad-Hoc|iPhone
		{73F21CE0-30A0-4D2F-AB20-0BFE9EE0D862}.Ad-Hoc|x86.ActiveCfg = Ad-Hoc|iPhone
		{73F21CE0-30A0-4D2F-AB20-0BFE9EE0D862}.AppStore|Any CPU.ActiveCfg = AppStore|iPhone
		{73F21CE0-30A0-4D2F-AB20-0BFE9EE0D862}.AppStore|ARM.ActiveCfg = AppStore|iPhone
		{73F21CE0-30A0-4D2F-AB20-0BFE9EE0D862}.AppStore|iPhone.ActiveCfg = AppStore|iPhone
		{73F21CE0-30A0-4D2F-AB20-0BFE9EE0D862}.AppStore|iPhone.Build.0 = AppStore|iPhone
		{73F21CE0-30A0-4D2F-AB20-0BFE9EE0D862}.AppStore|iPhoneSimulator.ActiveCfg = AppStore|iPhoneSimulator
		{73F21CE0-30A0-4D2F-AB20-0BFE9EE0D862}.AppStore|iPhoneSimulator.Build.0 = AppStore|iPhoneSimulator
		{73F21CE0-30A0-4D2F-AB20-0BFE9EE0D862}.AppStore|x64.ActiveCfg = AppStore|iPhone
		{73F21CE0-30A0-4D2F-AB20-0BFE9EE0D862}.AppStore|x86.ActiveCfg = AppStore|iPhone
		{73F21CE0-30A0-4D2F-AB20-0BFE9EE0D862}.Debug|Any CPU.ActiveCfg = Debug|iPhone
		{73F21CE0-30A0-4D2F-AB20-0BFE9EE0D862}.Debug|ARM.ActiveCfg = Debug|iPhone
		{73F21CE0-30A0-4D2F-AB20-0BFE9EE0D862}.Debug|iPhone.ActiveCfg = Debug|iPhone
		{73F21CE0-30A0-4D2F-AB20-0BFE9EE0D862}.Debug|iPhone.Build.0 = Debug|iPhone
		{73F21CE0-30A0-4D2F-AB20-0BFE9EE0D862}.Debug|iPhoneSimulator.ActiveCfg = Debug|iPhoneSimulator
		{73F21CE0-30A0-4D2F-AB20-0BFE9EE0D862}.Debug|iPhoneSimulator.Build.0 = Debug|iPhoneSimulator
		{73F21CE0-30A0-4D2F-AB20-0BFE9EE0D862}.Debug|x64.ActiveCfg = Debug|iPhone
		{73F21CE0-30A0-4D2F-AB20-0BFE9EE0D862}.Debug|x86.ActiveCfg = Debug|iPhone
		{73F21CE0-30A0-4D2F-AB20-0BFE9EE0D862}.Release|Any CPU.ActiveCfg = Release|iPhone
		{73F21CE0-30A0-4D2F-AB20-0BFE9EE0D862}.Release|ARM.ActiveCfg = Release|iPhone
		{73F21CE0-30A0-4D2F-AB20-0BFE9EE0D862}.Release|iPhone.ActiveCfg = Release|iPhone
		{73F21CE0-30A0-4D2F-AB20-0BFE9EE0D862}.Release|iPhone.Build.0 = Release|iPhone
		{73F21CE0-30A0-4D2F-AB20-0BFE9EE0D862}.Release|iPhoneSimulator.ActiveCfg = Release|iPhoneSimulator
		{73F21CE0-30A0-4D2F-AB20-0BFE9EE0D862}.Release|iPhoneSimulator.Build.0 = Release|iPhoneSimulator
		{73F21CE0-30A0-4D2F-AB20-0BFE9EE0D862}.Release|x64.ActiveCfg = Release|iPhone
		{73F21CE0-30A0-4D2F-AB20-0BFE9EE0D862}.Release|x86.ActiveCfg = Release|iPhone
		{115F3B8B-38FB-44B0-A2D4-B5683DB21DEA}.Ad-Hoc|Any CPU.ActiveCfg = Release|Any CPU
		{115F3B8B-38FB-44B0-A2D4-B5683DB21DEA}.Ad-Hoc|Any CPU.Build.0 = Release|Any CPU
		{115F3B8B-38FB-44B0-A2D4-B5683DB21DEA}.Ad-Hoc|ARM.ActiveCfg = Release|Any CPU
		{115F3B8B-38FB-44B0-A2D4-B5683DB21DEA}.Ad-Hoc|ARM.Build.0 = Release|Any CPU
		{115F3B8B-38FB-44B0-A2D4-B5683DB21DEA}.Ad-Hoc|iPhone.ActiveCfg = Release|Any CPU
		{115F3B8B-38FB-44B0-A2D4-B5683DB21DEA}.Ad-Hoc|iPhone.Build.0 = Release|Any CPU
		{115F3B8B-38FB-44B0-A2D4-B5683DB21DEA}.Ad-Hoc|iPhoneSimulator.ActiveCfg = Release|Any CPU
		{115F3B8B-38FB-44B0-A2D4-B5683DB21DEA}.Ad-Hoc|iPhoneSimulator.Build.0 = Release|Any CPU
		{115F3B8B-38FB-44B0-A2D4-B5683DB21DEA}.Ad-Hoc|x64.ActiveCfg = Release|Any CPU
		{115F3B8B-38FB-44B0-A2D4-B5683DB21DEA}.Ad-Hoc|x64.Build.0 = Release|Any CPU
		{115F3B8B-38FB-44B0-A2D4-B5683DB21DEA}.Ad-Hoc|x86.ActiveCfg = Release|Any CPU
		{115F3B8B-38FB-44B0-A2D4-B5683DB21DEA}.Ad-Hoc|x86.Build.0 = Release|Any CPU
		{115F3B8B-38FB-44B0-A2D4-B5683DB21DEA}.AppStore|Any CPU.ActiveCfg = Release|Any CPU
		{115F3B8B-38FB-44B0-A2D4-B5683DB21DEA}.AppStore|Any CPU.Build.0 = Release|Any CPU
		{115F3B8B-38FB-44B0-A2D4-B5683DB21DEA}.AppStore|ARM.ActiveCfg = Release|Any CPU
		{115F3B8B-38FB-44B0-A2D4-B5683DB21DEA}.AppStore|ARM.Build.0 = Release|Any CPU
		{115F3B8B-38FB-44B0-A2D4-B5683DB21DEA}.AppStore|iPhone.ActiveCfg = Release|Any CPU
		{115F3B8B-38FB-44B0-A2D4-B5683DB21DEA}.AppStore|iPhone.Build.0 = Release|Any CPU
		{115F3B8B-38FB-44B0-A2D4-B5683DB21DEA}.AppStore|iPhoneSimulator.ActiveCfg = Release|Any CPU
		{115F3B8B-38FB-44B0-A2D4-B5683DB21DEA}.AppStore|iPhoneSimulator.Build.0 = Release|Any CPU
		{115F3B8B-38FB-44B0-A2D4-B5683DB21DEA}.AppStore|x64.ActiveCfg = Release|Any CPU
		{115F3B8B-38FB-44B0-A2D4-B5683DB21DEA}.AppStore|x64.Build.0 = Release|Any CPU
		{115F3B8B-38FB-44B0-A2D4-B5683DB21DEA}.AppStore|x86.ActiveCfg = Release|Any CPU
		{115F3B8B-38FB-44B0-A2D4-B5683DB21DEA}.AppStore|x86.Build.0 = Release|Any CPU
		{115F3B8B-38FB-44B0-A2D4-B5683DB21DEA}.Debug|Any CPU.ActiveCfg = Debug|Any CPU
		{115F3B8B-38FB-44B0-A2D4-B5683DB21DEA}.Debug|Any CPU.Build.0 = Debug|Any CPU
		{115F3B8B-38FB-44B0-A2D4-B5683DB21DEA}.Debug|ARM.ActiveCfg = Debug|Any CPU
		{115F3B8B-38FB-44B0-A2D4-B5683DB21DEA}.Debug|ARM.Build.0 = Debug|Any CPU
		{115F3B8B-38FB-44B0-A2D4-B5683DB21DEA}.Debug|iPhone.ActiveCfg = Debug|Any CPU
		{115F3B8B-38FB-44B0-A2D4-B5683DB21DEA}.Debug|iPhone.Build.0 = Debug|Any CPU
		{115F3B8B-38FB-44B0-A2D4-B5683DB21DEA}.Debug|iPhoneSimulator.ActiveCfg = Debug|Any CPU
		{115F3B8B-38FB-44B0-A2D4-B5683DB21DEA}.Debug|iPhoneSimulator.Build.0 = Debug|Any CPU
		{115F3B8B-38FB-44B0-A2D4-B5683DB21DEA}.Debug|x64.ActiveCfg = Debug|Any CPU
		{115F3B8B-38FB-44B0-A2D4-B5683DB21DEA}.Debug|x64.Build.0 = Debug|Any CPU
		{115F3B8B-38FB-44B0-A2D4-B5683DB21DEA}.Debug|x86.ActiveCfg = Debug|Any CPU
		{115F3B8B-38FB-44B0-A2D4-B5683DB21DEA}.Debug|x86.Build.0 = Debug|Any CPU
		{115F3B8B-38FB-44B0-A2D4-B5683DB21DEA}.Release|Any CPU.ActiveCfg = Release|Any CPU
		{115F3B8B-38FB-44B0-A2D4-B5683DB21DEA}.Release|Any CPU.Build.0 = Release|Any CPU
		{115F3B8B-38FB-44B0-A2D4-B5683DB21DEA}.Release|ARM.ActiveCfg = Release|Any CPU
		{115F3B8B-38FB-44B0-A2D4-B5683DB21DEA}.Release|ARM.Build.0 = Release|Any CPU
		{115F3B8B-38FB-44B0-A2D4-B5683DB21DEA}.Release|iPhone.ActiveCfg = Release|Any CPU
		{115F3B8B-38FB-44B0-A2D4-B5683DB21DEA}.Release|iPhone.Build.0 = Release|Any CPU
		{115F3B8B-38FB-44B0-A2D4-B5683DB21DEA}.Release|iPhoneSimulator.ActiveCfg = Release|Any CPU
		{115F3B8B-38FB-44B0-A2D4-B5683DB21DEA}.Release|iPhoneSimulator.Build.0 = Release|Any CPU
		{115F3B8B-38FB-44B0-A2D4-B5683DB21DEA}.Release|x64.ActiveCfg = Release|Any CPU
		{115F3B8B-38FB-44B0-A2D4-B5683DB21DEA}.Release|x64.Build.0 = Release|Any CPU
		{115F3B8B-38FB-44B0-A2D4-B5683DB21DEA}.Release|x86.ActiveCfg = Release|Any CPU
		{115F3B8B-38FB-44B0-A2D4-B5683DB21DEA}.Release|x86.Build.0 = Release|Any CPU
		{F51A5AB0-E2D1-4AF4-ABA2-F3FC3ADD6FCB}.Ad-Hoc|Any CPU.ActiveCfg = Release|Any CPU
		{F51A5AB0-E2D1-4AF4-ABA2-F3FC3ADD6FCB}.Ad-Hoc|Any CPU.Build.0 = Release|Any CPU
		{F51A5AB0-E2D1-4AF4-ABA2-F3FC3ADD6FCB}.Ad-Hoc|ARM.ActiveCfg = Release|Any CPU
		{F51A5AB0-E2D1-4AF4-ABA2-F3FC3ADD6FCB}.Ad-Hoc|ARM.Build.0 = Release|Any CPU
		{F51A5AB0-E2D1-4AF4-ABA2-F3FC3ADD6FCB}.Ad-Hoc|iPhone.ActiveCfg = Release|Any CPU
		{F51A5AB0-E2D1-4AF4-ABA2-F3FC3ADD6FCB}.Ad-Hoc|iPhone.Build.0 = Release|Any CPU
		{F51A5AB0-E2D1-4AF4-ABA2-F3FC3ADD6FCB}.Ad-Hoc|iPhoneSimulator.ActiveCfg = Release|Any CPU
		{F51A5AB0-E2D1-4AF4-ABA2-F3FC3ADD6FCB}.Ad-Hoc|iPhoneSimulator.Build.0 = Release|Any CPU
		{F51A5AB0-E2D1-4AF4-ABA2-F3FC3ADD6FCB}.Ad-Hoc|x64.ActiveCfg = Release|Any CPU
		{F51A5AB0-E2D1-4AF4-ABA2-F3FC3ADD6FCB}.Ad-Hoc|x64.Build.0 = Release|Any CPU
		{F51A5AB0-E2D1-4AF4-ABA2-F3FC3ADD6FCB}.Ad-Hoc|x86.ActiveCfg = Release|Any CPU
		{F51A5AB0-E2D1-4AF4-ABA2-F3FC3ADD6FCB}.Ad-Hoc|x86.Build.0 = Release|Any CPU
		{F51A5AB0-E2D1-4AF4-ABA2-F3FC3ADD6FCB}.AppStore|Any CPU.ActiveCfg = Release|Any CPU
		{F51A5AB0-E2D1-4AF4-ABA2-F3FC3ADD6FCB}.AppStore|Any CPU.Build.0 = Release|Any CPU
		{F51A5AB0-E2D1-4AF4-ABA2-F3FC3ADD6FCB}.AppStore|ARM.ActiveCfg = Release|Any CPU
		{F51A5AB0-E2D1-4AF4-ABA2-F3FC3ADD6FCB}.AppStore|ARM.Build.0 = Release|Any CPU
		{F51A5AB0-E2D1-4AF4-ABA2-F3FC3ADD6FCB}.AppStore|iPhone.ActiveCfg = Release|Any CPU
		{F51A5AB0-E2D1-4AF4-ABA2-F3FC3ADD6FCB}.AppStore|iPhone.Build.0 = Release|Any CPU
		{F51A5AB0-E2D1-4AF4-ABA2-F3FC3ADD6FCB}.AppStore|iPhoneSimulator.ActiveCfg = Release|Any CPU
		{F51A5AB0-E2D1-4AF4-ABA2-F3FC3ADD6FCB}.AppStore|iPhoneSimulator.Build.0 = Release|Any CPU
		{F51A5AB0-E2D1-4AF4-ABA2-F3FC3ADD6FCB}.AppStore|x64.ActiveCfg = Release|Any CPU
		{F51A5AB0-E2D1-4AF4-ABA2-F3FC3ADD6FCB}.AppStore|x64.Build.0 = Release|Any CPU
		{F51A5AB0-E2D1-4AF4-ABA2-F3FC3ADD6FCB}.AppStore|x86.ActiveCfg = Release|Any CPU
		{F51A5AB0-E2D1-4AF4-ABA2-F3FC3ADD6FCB}.AppStore|x86.Build.0 = Release|Any CPU
		{F51A5AB0-E2D1-4AF4-ABA2-F3FC3ADD6FCB}.Debug|Any CPU.ActiveCfg = Debug|Any CPU
		{F51A5AB0-E2D1-4AF4-ABA2-F3FC3ADD6FCB}.Debug|Any CPU.Build.0 = Debug|Any CPU
		{F51A5AB0-E2D1-4AF4-ABA2-F3FC3ADD6FCB}.Debug|ARM.ActiveCfg = Debug|Any CPU
		{F51A5AB0-E2D1-4AF4-ABA2-F3FC3ADD6FCB}.Debug|ARM.Build.0 = Debug|Any CPU
		{F51A5AB0-E2D1-4AF4-ABA2-F3FC3ADD6FCB}.Debug|iPhone.ActiveCfg = Debug|Any CPU
		{F51A5AB0-E2D1-4AF4-ABA2-F3FC3ADD6FCB}.Debug|iPhone.Build.0 = Debug|Any CPU
		{F51A5AB0-E2D1-4AF4-ABA2-F3FC3ADD6FCB}.Debug|iPhoneSimulator.ActiveCfg = Debug|Any CPU
		{F51A5AB0-E2D1-4AF4-ABA2-F3FC3ADD6FCB}.Debug|iPhoneSimulator.Build.0 = Debug|Any CPU
		{F51A5AB0-E2D1-4AF4-ABA2-F3FC3ADD6FCB}.Debug|x64.ActiveCfg = Debug|Any CPU
		{F51A5AB0-E2D1-4AF4-ABA2-F3FC3ADD6FCB}.Debug|x64.Build.0 = Debug|Any CPU
		{F51A5AB0-E2D1-4AF4-ABA2-F3FC3ADD6FCB}.Debug|x86.ActiveCfg = Debug|Any CPU
		{F51A5AB0-E2D1-4AF4-ABA2-F3FC3ADD6FCB}.Debug|x86.Build.0 = Debug|Any CPU
		{F51A5AB0-E2D1-4AF4-ABA2-F3FC3ADD6FCB}.Release|Any CPU.ActiveCfg = Release|Any CPU
		{F51A5AB0-E2D1-4AF4-ABA2-F3FC3ADD6FCB}.Release|Any CPU.Build.0 = Release|Any CPU
		{F51A5AB0-E2D1-4AF4-ABA2-F3FC3ADD6FCB}.Release|ARM.ActiveCfg = Release|Any CPU
		{F51A5AB0-E2D1-4AF4-ABA2-F3FC3ADD6FCB}.Release|ARM.Build.0 = Release|Any CPU
		{F51A5AB0-E2D1-4AF4-ABA2-F3FC3ADD6FCB}.Release|iPhone.ActiveCfg = Release|Any CPU
		{F51A5AB0-E2D1-4AF4-ABA2-F3FC3ADD6FCB}.Release|iPhone.Build.0 = Release|Any CPU
		{F51A5AB0-E2D1-4AF4-ABA2-F3FC3ADD6FCB}.Release|iPhoneSimulator.ActiveCfg = Release|Any CPU
		{F51A5AB0-E2D1-4AF4-ABA2-F3FC3ADD6FCB}.Release|iPhoneSimulator.Build.0 = Release|Any CPU
		{F51A5AB0-E2D1-4AF4-ABA2-F3FC3ADD6FCB}.Release|x64.ActiveCfg = Release|Any CPU
		{F51A5AB0-E2D1-4AF4-ABA2-F3FC3ADD6FCB}.Release|x64.Build.0 = Release|Any CPU
		{F51A5AB0-E2D1-4AF4-ABA2-F3FC3ADD6FCB}.Release|x86.ActiveCfg = Release|Any CPU
		{F51A5AB0-E2D1-4AF4-ABA2-F3FC3ADD6FCB}.Release|x86.Build.0 = Release|Any CPU
		{9DC738BF-745E-480A-BDF7-374A789140C0}.Ad-Hoc|Any CPU.ActiveCfg = Release|Any CPU
		{9DC738BF-745E-480A-BDF7-374A789140C0}.Ad-Hoc|Any CPU.Build.0 = Release|Any CPU
		{9DC738BF-745E-480A-BDF7-374A789140C0}.Ad-Hoc|Any CPU.Deploy.0 = Release|Any CPU
		{9DC738BF-745E-480A-BDF7-374A789140C0}.Ad-Hoc|ARM.ActiveCfg = Release|Any CPU
		{9DC738BF-745E-480A-BDF7-374A789140C0}.Ad-Hoc|ARM.Build.0 = Release|Any CPU
		{9DC738BF-745E-480A-BDF7-374A789140C0}.Ad-Hoc|ARM.Deploy.0 = Release|Any CPU
		{9DC738BF-745E-480A-BDF7-374A789140C0}.Ad-Hoc|iPhone.ActiveCfg = Release|Any CPU
		{9DC738BF-745E-480A-BDF7-374A789140C0}.Ad-Hoc|iPhone.Build.0 = Release|Any CPU
		{9DC738BF-745E-480A-BDF7-374A789140C0}.Ad-Hoc|iPhone.Deploy.0 = Release|Any CPU
		{9DC738BF-745E-480A-BDF7-374A789140C0}.Ad-Hoc|iPhoneSimulator.ActiveCfg = Release|Any CPU
		{9DC738BF-745E-480A-BDF7-374A789140C0}.Ad-Hoc|iPhoneSimulator.Build.0 = Release|Any CPU
		{9DC738BF-745E-480A-BDF7-374A789140C0}.Ad-Hoc|iPhoneSimulator.Deploy.0 = Release|Any CPU
		{9DC738BF-745E-480A-BDF7-374A789140C0}.Ad-Hoc|x64.ActiveCfg = Release|Any CPU
		{9DC738BF-745E-480A-BDF7-374A789140C0}.Ad-Hoc|x64.Build.0 = Release|Any CPU
		{9DC738BF-745E-480A-BDF7-374A789140C0}.Ad-Hoc|x64.Deploy.0 = Release|Any CPU
		{9DC738BF-745E-480A-BDF7-374A789140C0}.Ad-Hoc|x86.ActiveCfg = Release|Any CPU
		{9DC738BF-745E-480A-BDF7-374A789140C0}.Ad-Hoc|x86.Build.0 = Release|Any CPU
		{9DC738BF-745E-480A-BDF7-374A789140C0}.Ad-Hoc|x86.Deploy.0 = Release|Any CPU
		{9DC738BF-745E-480A-BDF7-374A789140C0}.AppStore|Any CPU.ActiveCfg = Release|Any CPU
		{9DC738BF-745E-480A-BDF7-374A789140C0}.AppStore|Any CPU.Build.0 = Release|Any CPU
		{9DC738BF-745E-480A-BDF7-374A789140C0}.AppStore|Any CPU.Deploy.0 = Release|Any CPU
		{9DC738BF-745E-480A-BDF7-374A789140C0}.AppStore|ARM.ActiveCfg = Release|Any CPU
		{9DC738BF-745E-480A-BDF7-374A789140C0}.AppStore|ARM.Build.0 = Release|Any CPU
		{9DC738BF-745E-480A-BDF7-374A789140C0}.AppStore|ARM.Deploy.0 = Release|Any CPU
		{9DC738BF-745E-480A-BDF7-374A789140C0}.AppStore|iPhone.ActiveCfg = Release|Any CPU
		{9DC738BF-745E-480A-BDF7-374A789140C0}.AppStore|iPhone.Build.0 = Release|Any CPU
		{9DC738BF-745E-480A-BDF7-374A789140C0}.AppStore|iPhone.Deploy.0 = Release|Any CPU
		{9DC738BF-745E-480A-BDF7-374A789140C0}.AppStore|iPhoneSimulator.ActiveCfg = Release|Any CPU
		{9DC738BF-745E-480A-BDF7-374A789140C0}.AppStore|iPhoneSimulator.Build.0 = Release|Any CPU
		{9DC738BF-745E-480A-BDF7-374A789140C0}.AppStore|iPhoneSimulator.Deploy.0 = Release|Any CPU
		{9DC738BF-745E-480A-BDF7-374A789140C0}.AppStore|x64.ActiveCfg = Release|Any CPU
		{9DC738BF-745E-480A-BDF7-374A789140C0}.AppStore|x64.Build.0 = Release|Any CPU
		{9DC738BF-745E-480A-BDF7-374A789140C0}.AppStore|x64.Deploy.0 = Release|Any CPU
		{9DC738BF-745E-480A-BDF7-374A789140C0}.AppStore|x86.ActiveCfg = Release|Any CPU
		{9DC738BF-745E-480A-BDF7-374A789140C0}.AppStore|x86.Build.0 = Release|Any CPU
		{9DC738BF-745E-480A-BDF7-374A789140C0}.AppStore|x86.Deploy.0 = Release|Any CPU
		{9DC738BF-745E-480A-BDF7-374A789140C0}.Debug|Any CPU.ActiveCfg = Debug|Any CPU
		{9DC738BF-745E-480A-BDF7-374A789140C0}.Debug|Any CPU.Build.0 = Debug|Any CPU
		{9DC738BF-745E-480A-BDF7-374A789140C0}.Debug|Any CPU.Deploy.0 = Debug|Any CPU
		{9DC738BF-745E-480A-BDF7-374A789140C0}.Debug|ARM.ActiveCfg = Debug|Any CPU
		{9DC738BF-745E-480A-BDF7-374A789140C0}.Debug|ARM.Build.0 = Debug|Any CPU
		{9DC738BF-745E-480A-BDF7-374A789140C0}.Debug|ARM.Deploy.0 = Debug|Any CPU
		{9DC738BF-745E-480A-BDF7-374A789140C0}.Debug|iPhone.ActiveCfg = Debug|Any CPU
		{9DC738BF-745E-480A-BDF7-374A789140C0}.Debug|iPhone.Build.0 = Debug|Any CPU
		{9DC738BF-745E-480A-BDF7-374A789140C0}.Debug|iPhone.Deploy.0 = Debug|Any CPU
		{9DC738BF-745E-480A-BDF7-374A789140C0}.Debug|iPhoneSimulator.ActiveCfg = Debug|Any CPU
		{9DC738BF-745E-480A-BDF7-374A789140C0}.Debug|iPhoneSimulator.Build.0 = Debug|Any CPU
		{9DC738BF-745E-480A-BDF7-374A789140C0}.Debug|iPhoneSimulator.Deploy.0 = Debug|Any CPU
		{9DC738BF-745E-480A-BDF7-374A789140C0}.Debug|x64.ActiveCfg = Debug|Any CPU
		{9DC738BF-745E-480A-BDF7-374A789140C0}.Debug|x64.Build.0 = Debug|Any CPU
		{9DC738BF-745E-480A-BDF7-374A789140C0}.Debug|x64.Deploy.0 = Debug|Any CPU
		{9DC738BF-745E-480A-BDF7-374A789140C0}.Debug|x86.ActiveCfg = Debug|Any CPU
		{9DC738BF-745E-480A-BDF7-374A789140C0}.Debug|x86.Build.0 = Debug|Any CPU
		{9DC738BF-745E-480A-BDF7-374A789140C0}.Debug|x86.Deploy.0 = Debug|Any CPU
		{9DC738BF-745E-480A-BDF7-374A789140C0}.Release|Any CPU.ActiveCfg = Release|Any CPU
		{9DC738BF-745E-480A-BDF7-374A789140C0}.Release|Any CPU.Build.0 = Release|Any CPU
		{9DC738BF-745E-480A-BDF7-374A789140C0}.Release|Any CPU.Deploy.0 = Release|Any CPU
		{9DC738BF-745E-480A-BDF7-374A789140C0}.Release|ARM.ActiveCfg = Release|Any CPU
		{9DC738BF-745E-480A-BDF7-374A789140C0}.Release|ARM.Build.0 = Release|Any CPU
		{9DC738BF-745E-480A-BDF7-374A789140C0}.Release|ARM.Deploy.0 = Release|Any CPU
		{9DC738BF-745E-480A-BDF7-374A789140C0}.Release|iPhone.ActiveCfg = Release|Any CPU
		{9DC738BF-745E-480A-BDF7-374A789140C0}.Release|iPhone.Build.0 = Release|Any CPU
		{9DC738BF-745E-480A-BDF7-374A789140C0}.Release|iPhone.Deploy.0 = Release|Any CPU
		{9DC738BF-745E-480A-BDF7-374A789140C0}.Release|iPhoneSimulator.ActiveCfg = Release|Any CPU
		{9DC738BF-745E-480A-BDF7-374A789140C0}.Release|iPhoneSimulator.Build.0 = Release|Any CPU
		{9DC738BF-745E-480A-BDF7-374A789140C0}.Release|iPhoneSimulator.Deploy.0 = Release|Any CPU
		{9DC738BF-745E-480A-BDF7-374A789140C0}.Release|x64.ActiveCfg = Release|Any CPU
		{9DC738BF-745E-480A-BDF7-374A789140C0}.Release|x64.Build.0 = Release|Any CPU
		{9DC738BF-745E-480A-BDF7-374A789140C0}.Release|x64.Deploy.0 = Release|Any CPU
		{9DC738BF-745E-480A-BDF7-374A789140C0}.Release|x86.ActiveCfg = Release|Any CPU
		{9DC738BF-745E-480A-BDF7-374A789140C0}.Release|x86.Build.0 = Release|Any CPU
		{9DC738BF-745E-480A-BDF7-374A789140C0}.Release|x86.Deploy.0 = Release|Any CPU
		{7ADF30C8-F4C5-49F1-B7DA-B4402D5F7764}.Ad-Hoc|Any CPU.ActiveCfg = Ad-Hoc|iPhone
		{7ADF30C8-F4C5-49F1-B7DA-B4402D5F7764}.Ad-Hoc|ARM.ActiveCfg = Ad-Hoc|iPhone
		{7ADF30C8-F4C5-49F1-B7DA-B4402D5F7764}.Ad-Hoc|iPhone.ActiveCfg = Ad-Hoc|iPhone
		{7ADF30C8-F4C5-49F1-B7DA-B4402D5F7764}.Ad-Hoc|iPhone.Build.0 = Ad-Hoc|iPhone
		{7ADF30C8-F4C5-49F1-B7DA-B4402D5F7764}.Ad-Hoc|iPhoneSimulator.ActiveCfg = Ad-Hoc|iPhoneSimulator
		{7ADF30C8-F4C5-49F1-B7DA-B4402D5F7764}.Ad-Hoc|iPhoneSimulator.Build.0 = Ad-Hoc|iPhoneSimulator
		{7ADF30C8-F4C5-49F1-B7DA-B4402D5F7764}.Ad-Hoc|x64.ActiveCfg = Ad-Hoc|iPhone
		{7ADF30C8-F4C5-49F1-B7DA-B4402D5F7764}.Ad-Hoc|x86.ActiveCfg = Ad-Hoc|iPhone
		{7ADF30C8-F4C5-49F1-B7DA-B4402D5F7764}.AppStore|Any CPU.ActiveCfg = AppStore|iPhone
		{7ADF30C8-F4C5-49F1-B7DA-B4402D5F7764}.AppStore|ARM.ActiveCfg = AppStore|iPhone
		{7ADF30C8-F4C5-49F1-B7DA-B4402D5F7764}.AppStore|iPhone.ActiveCfg = AppStore|iPhone
		{7ADF30C8-F4C5-49F1-B7DA-B4402D5F7764}.AppStore|iPhone.Build.0 = AppStore|iPhone
		{7ADF30C8-F4C5-49F1-B7DA-B4402D5F7764}.AppStore|iPhoneSimulator.ActiveCfg = AppStore|iPhoneSimulator
		{7ADF30C8-F4C5-49F1-B7DA-B4402D5F7764}.AppStore|iPhoneSimulator.Build.0 = AppStore|iPhoneSimulator
		{7ADF30C8-F4C5-49F1-B7DA-B4402D5F7764}.AppStore|x64.ActiveCfg = AppStore|iPhone
		{7ADF30C8-F4C5-49F1-B7DA-B4402D5F7764}.AppStore|x86.ActiveCfg = AppStore|iPhone
		{7ADF30C8-F4C5-49F1-B7DA-B4402D5F7764}.Debug|Any CPU.ActiveCfg = Debug|iPhone
		{7ADF30C8-F4C5-49F1-B7DA-B4402D5F7764}.Debug|ARM.ActiveCfg = Debug|iPhone
		{7ADF30C8-F4C5-49F1-B7DA-B4402D5F7764}.Debug|iPhone.ActiveCfg = Debug|iPhone
		{7ADF30C8-F4C5-49F1-B7DA-B4402D5F7764}.Debug|iPhone.Build.0 = Debug|iPhone
		{7ADF30C8-F4C5-49F1-B7DA-B4402D5F7764}.Debug|iPhoneSimulator.ActiveCfg = Debug|iPhoneSimulator
		{7ADF30C8-F4C5-49F1-B7DA-B4402D5F7764}.Debug|iPhoneSimulator.Build.0 = Debug|iPhoneSimulator
		{7ADF30C8-F4C5-49F1-B7DA-B4402D5F7764}.Debug|x64.ActiveCfg = Debug|iPhone
		{7ADF30C8-F4C5-49F1-B7DA-B4402D5F7764}.Debug|x86.ActiveCfg = Debug|iPhone
		{7ADF30C8-F4C5-49F1-B7DA-B4402D5F7764}.Release|Any CPU.ActiveCfg = Release|iPhone
		{7ADF30C8-F4C5-49F1-B7DA-B4402D5F7764}.Release|ARM.ActiveCfg = Release|iPhone
		{7ADF30C8-F4C5-49F1-B7DA-B4402D5F7764}.Release|iPhone.ActiveCfg = Release|iPhone
		{7ADF30C8-F4C5-49F1-B7DA-B4402D5F7764}.Release|iPhone.Build.0 = Release|iPhone
		{7ADF30C8-F4C5-49F1-B7DA-B4402D5F7764}.Release|iPhoneSimulator.ActiveCfg = Release|iPhoneSimulator
		{7ADF30C8-F4C5-49F1-B7DA-B4402D5F7764}.Release|iPhoneSimulator.Build.0 = Release|iPhoneSimulator
		{7ADF30C8-F4C5-49F1-B7DA-B4402D5F7764}.Release|x64.ActiveCfg = Release|iPhone
		{7ADF30C8-F4C5-49F1-B7DA-B4402D5F7764}.Release|x86.ActiveCfg = Release|iPhone
	EndGlobalSection
	GlobalSection(SolutionProperties) = preSolution
		HideSolutionNode = FALSE
	EndGlobalSection
EndGlobal
